
Microsoft Visual Studio Solution File, Format Version 12.00
# Visual Studio 15
VisualStudioVersion = 15.0.28307.271
MinimumVisualStudioVersion = 10.0.40219.1
Project("{888888A0-9F3D-457C-B088-3A5042F75D52}") = "Circles", "Circles\Circles.pyproj", "{4BBA13FB-42E7-4E98-9F4B-86425C10311C}"
EndProject
Global
	GlobalSection(SolutionConfigurationPlatforms) = preSolution
		Debug|Any CPU = Debug|Any CPU
		Release|Any CPU = Release|Any CPU
	EndGlobalSection
	GlobalSection(ProjectConfigurationPlatforms) = postSolution
		{4BBA13FB-42E7-4E98-9F4B-86425C10311C}.Debug|Any CPU.ActiveCfg = Debug|Any CPU
		{4BBA13FB-42E7-4E98-9F4B-86425C10311C}.Release|Any CPU.ActiveCfg = Release|Any CPU
	EndGlobalSection
	GlobalSection(SolutionProperties) = preSolution
		HideSolutionNode = FALSE
	EndGlobalSection
	GlobalSection(ExtensibilityGlobals) = postSolution
		SolutionGuid = {EF937DCF-11AA-4F87-84B1-114206329A62}
	EndGlobalSection
EndGlobal
