
Microsoft Visual Studio Solution File, Format Version 12.00
# Visual Studio 15
VisualStudioVersion = 15.0.28307.271
MinimumVisualStudioVersion = 10.0.40219.1
Project("{888888A0-9F3D-457C-B088-3A5042F75D52}") = "Cylinder", "Cylinder\Cylinder.pyproj", "{1CB91786-327D-4B37-8E90-8980794FFEBB}"
EndProject
Global
	GlobalSection(SolutionConfigurationPlatforms) = preSolution
		Debug|Any CPU = Debug|Any CPU
		Release|Any CPU = Release|Any CPU
	EndGlobalSection
	GlobalSection(ProjectConfigurationPlatforms) = postSolution
		{1CB91786-327D-4B37-8E90-8980794FFEBB}.Debug|Any CPU.ActiveCfg = Debug|Any CPU
		{1CB91786-327D-4B37-8E90-8980794FFEBB}.Release|Any CPU.ActiveCfg = Release|Any CPU
	EndGlobalSection
	GlobalSection(SolutionProperties) = preSolution
		HideSolutionNode = FALSE
	EndGlobalSection
	GlobalSection(ExtensibilityGlobals) = postSolution
		SolutionGuid = {D5379445-DB76-4A39-BA22-258A53793EDC}
	EndGlobalSection
EndGlobal
