
Microsoft Visual Studio Solution File, Format Version 12.00
# Visual Studio 15
VisualStudioVersion = 15.0.28307.271
MinimumVisualStudioVersion = 10.0.40219.1
Project("{888888A0-9F3D-457C-B088-3A5042F75D52}") = "PrintSum", "PrintSum\PrintSum.pyproj", "{41D5B1AC-B89C-41CE-B031-061E3489FA90}"
EndProject
Global
	GlobalSection(SolutionConfigurationPlatforms) = preSolution
		Debug|Any CPU = Debug|Any CPU
		Release|Any CPU = Release|Any CPU
	EndGlobalSection
	GlobalSection(ProjectConfigurationPlatforms) = postSolution
		{41D5B1AC-B89C-41CE-B031-061E3489FA90}.Debug|Any CPU.ActiveCfg = Debug|Any CPU
		{41D5B1AC-B89C-41CE-B031-061E3489FA90}.Release|Any CPU.ActiveCfg = Release|Any CPU
	EndGlobalSection
	GlobalSection(SolutionProperties) = preSolution
		HideSolutionNode = FALSE
	EndGlobalSection
	GlobalSection(ExtensibilityGlobals) = postSolution
		SolutionGuid = {2DADCDF7-2E44-42CE-A900-78512FDA8AB7}
	EndGlobalSection
EndGlobal
