
Microsoft Visual Studio Solution File, Format Version 12.00
# Visual Studio 15
VisualStudioVersion = 15.0.28307.421
MinimumVisualStudioVersion = 10.0.40219.1
Project("{888888A0-9F3D-457C-B088-3A5042F75D52}") = "PalindromicPrime", "PalindromicPrime\PalindromicPrime.pyproj", "{ACF78ED7-5181-4C00-BEC8-7CAD7AEDCE84}"
EndProject
Global
	GlobalSection(SolutionConfigurationPlatforms) = preSolution
		Debug|Any CPU = Debug|Any CPU
		Release|Any CPU = Release|Any CPU
	EndGlobalSection
	GlobalSection(ProjectConfigurationPlatforms) = postSolution
		{ACF78ED7-5181-4C00-BEC8-7CAD7AEDCE84}.Debug|Any CPU.ActiveCfg = Debug|Any CPU
		{ACF78ED7-5181-4C00-BEC8-7CAD7AEDCE84}.Release|Any CPU.ActiveCfg = Release|Any CPU
	EndGlobalSection
	GlobalSection(SolutionProperties) = preSolution
		HideSolutionNode = FALSE
	EndGlobalSection
	GlobalSection(ExtensibilityGlobals) = postSolution
		SolutionGuid = {F447C7EE-0649-45F8-A0FF-FADD1A20E759}
	EndGlobalSection
EndGlobal
