
Microsoft Visual Studio Solution File, Format Version 12.00
# Visual Studio 15
VisualStudioVersion = 15.0.28307.329
MinimumVisualStudioVersion = 10.0.40219.1
Project("{888888A0-9F3D-457C-B088-3A5042F75D52}") = "QuadraticEquation", "QuadraticEquation\QuadraticEquation.pyproj", "{AF3729B7-C464-4639-AE57-B6AB6E880BE6}"
EndProject
Global
	GlobalSection(SolutionConfigurationPlatforms) = preSolution
		Debug|Any CPU = Debug|Any CPU
		Release|Any CPU = Release|Any CPU
	EndGlobalSection
	GlobalSection(ProjectConfigurationPlatforms) = postSolution
		{AF3729B7-C464-4639-AE57-B6AB6E880BE6}.Debug|Any CPU.ActiveCfg = Debug|Any CPU
		{AF3729B7-C464-4639-AE57-B6AB6E880BE6}.Release|Any CPU.ActiveCfg = Release|Any CPU
	EndGlobalSection
	GlobalSection(SolutionProperties) = preSolution
		HideSolutionNode = FALSE
	EndGlobalSection
	GlobalSection(ExtensibilityGlobals) = postSolution
		SolutionGuid = {2A54F433-F153-46C0-9398-E458C8DA94B8}
	EndGlobalSection
EndGlobal
