
Microsoft Visual Studio Solution File, Format Version 12.00
# Visual Studio 15
VisualStudioVersion = 15.0.28307.329
MinimumVisualStudioVersion = 10.0.40219.1
Project("{888888A0-9F3D-457C-B088-3A5042F75D52}") = "GuessTheNumber", "GuessTheNumber\GuessTheNumber.pyproj", "{191923C7-C991-44CD-90E2-FD56D61F4101}"
EndProject
Global
	GlobalSection(SolutionConfigurationPlatforms) = preSolution
		Debug|Any CPU = Debug|Any CPU
		Release|Any CPU = Release|Any CPU
	EndGlobalSection
	GlobalSection(ProjectConfigurationPlatforms) = postSolution
		{191923C7-C991-44CD-90E2-FD56D61F4101}.Debug|Any CPU.ActiveCfg = Debug|Any CPU
		{191923C7-C991-44CD-90E2-FD56D61F4101}.Release|Any CPU.ActiveCfg = Release|Any CPU
	EndGlobalSection
	GlobalSection(SolutionProperties) = preSolution
		HideSolutionNode = FALSE
	EndGlobalSection
	GlobalSection(ExtensibilityGlobals) = postSolution
		SolutionGuid = {1928EF39-30AD-4A33-AF0B-4CCB299DA1EF}
	EndGlobalSection
EndGlobal
