
Microsoft Visual Studio Solution File, Format Version 12.00
# Visual Studio 15
VisualStudioVersion = 15.0.28307.271
MinimumVisualStudioVersion = 10.0.40219.1
Project("{888888A0-9F3D-457C-B088-3A5042F75D52}") = "FiveDigitPalindrom", "FiveDigitPalindrom\FiveDigitPalindrom.pyproj", "{7ABB4C8C-EDBE-4BE5-BF1D-C938A2244CA7}"
EndProject
Global
	GlobalSection(SolutionConfigurationPlatforms) = preSolution
		Debug|Any CPU = Debug|Any CPU
		Release|Any CPU = Release|Any CPU
	EndGlobalSection
	GlobalSection(ProjectConfigurationPlatforms) = postSolution
		{7ABB4C8C-EDBE-4BE5-BF1D-C938A2244CA7}.Debug|Any CPU.ActiveCfg = Debug|Any CPU
		{7ABB4C8C-EDBE-4BE5-BF1D-C938A2244CA7}.Release|Any CPU.ActiveCfg = Release|Any CPU
	EndGlobalSection
	GlobalSection(SolutionProperties) = preSolution
		HideSolutionNode = FALSE
	EndGlobalSection
	GlobalSection(ExtensibilityGlobals) = postSolution
		SolutionGuid = {98B45EA3-3D84-4F5A-8D80-0E753879CDE6}
	EndGlobalSection
EndGlobal
