
Microsoft Visual Studio Solution File, Format Version 12.00
# Visual Studio 15
VisualStudioVersion = 15.0.28307.329
MinimumVisualStudioVersion = 10.0.40219.1
Project("{888888A0-9F3D-457C-B088-3A5042F75D52}") = "Counter", "Counter\Counter.pyproj", "{3CD62BA3-0BD1-4F13-A572-818916A33588}"
EndProject
Global
	GlobalSection(SolutionConfigurationPlatforms) = preSolution
		Debug|Any CPU = Debug|Any CPU
		Release|Any CPU = Release|Any CPU
	EndGlobalSection
	GlobalSection(ProjectConfigurationPlatforms) = postSolution
		{3CD62BA3-0BD1-4F13-A572-818916A33588}.Debug|Any CPU.ActiveCfg = Debug|Any CPU
		{3CD62BA3-0BD1-4F13-A572-818916A33588}.Release|Any CPU.ActiveCfg = Release|Any CPU
	EndGlobalSection
	GlobalSection(SolutionProperties) = preSolution
		HideSolutionNode = FALSE
	EndGlobalSection
	GlobalSection(ExtensibilityGlobals) = postSolution
		SolutionGuid = {6E196068-007A-4FA8-904C-5F1BA3675D1D}
	EndGlobalSection
EndGlobal
