
Microsoft Visual Studio Solution File, Format Version 12.00
# Visual Studio 15
VisualStudioVersion = 15.0.28307.329
MinimumVisualStudioVersion = 10.0.40219.1
Project("{888888A0-9F3D-457C-B088-3A5042F75D52}") = "Symbol", "Symbol\Symbol.pyproj", "{515C16FA-6CC4-4DAC-AFEC-60BC586C9780}"
EndProject
Global
	GlobalSection(SolutionConfigurationPlatforms) = preSolution
		Debug|Any CPU = Debug|Any CPU
		Release|Any CPU = Release|Any CPU
	EndGlobalSection
	GlobalSection(ProjectConfigurationPlatforms) = postSolution
		{515C16FA-6CC4-4DAC-AFEC-60BC586C9780}.Debug|Any CPU.ActiveCfg = Debug|Any CPU
		{515C16FA-6CC4-4DAC-AFEC-60BC586C9780}.Release|Any CPU.ActiveCfg = Release|Any CPU
	EndGlobalSection
	GlobalSection(SolutionProperties) = preSolution
		HideSolutionNode = FALSE
	EndGlobalSection
	GlobalSection(ExtensibilityGlobals) = postSolution
		SolutionGuid = {9CDA2A12-47F8-4CEB-94BE-355451090C20}
	EndGlobalSection
EndGlobal
