
Microsoft Visual Studio Solution File, Format Version 12.00
# Visual Studio 15
VisualStudioVersion = 15.0.28307.271
MinimumVisualStudioVersion = 10.0.40219.1
Project("{888888A0-9F3D-457C-B088-3A5042F75D52}") = "SumDigits", "SumDigits\SumDigits.pyproj", "{D67F907C-A426-4E01-ABFC-A9F7CD94EB11}"
EndProject
Global
	GlobalSection(SolutionConfigurationPlatforms) = preSolution
		Debug|Any CPU = Debug|Any CPU
		Release|Any CPU = Release|Any CPU
	EndGlobalSection
	GlobalSection(ProjectConfigurationPlatforms) = postSolution
		{D67F907C-A426-4E01-ABFC-A9F7CD94EB11}.Debug|Any CPU.ActiveCfg = Debug|Any CPU
		{D67F907C-A426-4E01-ABFC-A9F7CD94EB11}.Release|Any CPU.ActiveCfg = Release|Any CPU
	EndGlobalSection
	GlobalSection(SolutionProperties) = preSolution
		HideSolutionNode = FALSE
	EndGlobalSection
	GlobalSection(ExtensibilityGlobals) = postSolution
		SolutionGuid = {7B69A3C5-085B-49E3-B830-1D0EB209F165}
	EndGlobalSection
EndGlobal
