
Microsoft Visual Studio Solution File, Format Version 12.00
# Visual Studio 15
VisualStudioVersion = 15.0.28307.329
MinimumVisualStudioVersion = 10.0.40219.1
Project("{888888A0-9F3D-457C-B088-3A5042F75D52}") = "BankAccount", "BankAccount\BankAccount.pyproj", "{829516B6-95BE-4ACC-8095-DBDD04338DBE}"
EndProject
Global
	GlobalSection(SolutionConfigurationPlatforms) = preSolution
		Debug|Any CPU = Debug|Any CPU
		Release|Any CPU = Release|Any CPU
	EndGlobalSection
	GlobalSection(ProjectConfigurationPlatforms) = postSolution
		{829516B6-95BE-4ACC-8095-DBDD04338DBE}.Debug|Any CPU.ActiveCfg = Debug|Any CPU
		{829516B6-95BE-4ACC-8095-DBDD04338DBE}.Release|Any CPU.ActiveCfg = Release|Any CPU
	EndGlobalSection
	GlobalSection(SolutionProperties) = preSolution
		HideSolutionNode = FALSE
	EndGlobalSection
	GlobalSection(ExtensibilityGlobals) = postSolution
		SolutionGuid = {4053568B-4ABB-4C8A-B64D-C3FBDE036AD4}
	EndGlobalSection
EndGlobal
