
Microsoft Visual Studio Solution File, Format Version 12.00
# Visual Studio 15
VisualStudioVersion = 15.0.28307.271
MinimumVisualStudioVersion = 10.0.40219.1
Project("{888888A0-9F3D-457C-B088-3A5042F75D52}") = "SumValue", "SumValue\SumValue.pyproj", "{5BF8CE09-CBC3-4CD2-B7B9-4E7672127250}"
EndProject
Global
	GlobalSection(SolutionConfigurationPlatforms) = preSolution
		Debug|Any CPU = Debug|Any CPU
		Release|Any CPU = Release|Any CPU
	EndGlobalSection
	GlobalSection(ProjectConfigurationPlatforms) = postSolution
		{5BF8CE09-CBC3-4CD2-B7B9-4E7672127250}.Debug|Any CPU.ActiveCfg = Debug|Any CPU
		{5BF8CE09-CBC3-4CD2-B7B9-4E7672127250}.Release|Any CPU.ActiveCfg = Release|Any CPU
	EndGlobalSection
	GlobalSection(SolutionProperties) = preSolution
		HideSolutionNode = FALSE
	EndGlobalSection
	GlobalSection(ExtensibilityGlobals) = postSolution
		SolutionGuid = {5E690F7D-1114-44B3-9B3B-9D7992914496}
	EndGlobalSection
EndGlobal
