
Microsoft Visual Studio Solution File, Format Version 12.00
# Visual Studio 15
VisualStudioVersion = 15.0.28307.329
MinimumVisualStudioVersion = 10.0.40219.1
Project("{888888A0-9F3D-457C-B088-3A5042F75D52}") = "SimpleSort", "SimpleSort\SimpleSort.pyproj", "{7A3EB4EC-F27A-41D6-9C28-6334D59A5440}"
EndProject
Global
	GlobalSection(SolutionConfigurationPlatforms) = preSolution
		Debug|Any CPU = Debug|Any CPU
		Release|Any CPU = Release|Any CPU
	EndGlobalSection
	GlobalSection(ProjectConfigurationPlatforms) = postSolution
		{7A3EB4EC-F27A-41D6-9C28-6334D59A5440}.Debug|Any CPU.ActiveCfg = Debug|Any CPU
		{7A3EB4EC-F27A-41D6-9C28-6334D59A5440}.Release|Any CPU.ActiveCfg = Release|Any CPU
	EndGlobalSection
	GlobalSection(SolutionProperties) = preSolution
		HideSolutionNode = FALSE
	EndGlobalSection
	GlobalSection(ExtensibilityGlobals) = postSolution
		SolutionGuid = {C772F924-17D3-4C02-9BEC-47A903CCD609}
	EndGlobalSection
EndGlobal
