
Microsoft Visual Studio Solution File, Format Version 12.00
# Visual Studio 15
VisualStudioVersion = 15.0.28307.329
MinimumVisualStudioVersion = 10.0.40219.1
Project("{888888A0-9F3D-457C-B088-3A5042F75D52}") = "SumArrayColumns", "SumArrayColumns\SumArrayColumns.pyproj", "{22D7D1C3-7D30-4B15-9AEF-D9C57177A276}"
EndProject
Global
	GlobalSection(SolutionConfigurationPlatforms) = preSolution
		Debug|Any CPU = Debug|Any CPU
		Release|Any CPU = Release|Any CPU
	EndGlobalSection
	GlobalSection(ProjectConfigurationPlatforms) = postSolution
		{22D7D1C3-7D30-4B15-9AEF-D9C57177A276}.Debug|Any CPU.ActiveCfg = Debug|Any CPU
		{22D7D1C3-7D30-4B15-9AEF-D9C57177A276}.Release|Any CPU.ActiveCfg = Release|Any CPU
	EndGlobalSection
	GlobalSection(SolutionProperties) = preSolution
		HideSolutionNode = FALSE
	EndGlobalSection
	GlobalSection(ExtensibilityGlobals) = postSolution
		SolutionGuid = {1DF460D8-6351-499E-B4DF-34A31EC08F2F}
	EndGlobalSection
EndGlobal
