
Microsoft Visual Studio Solution File, Format Version 12.00
# Visual Studio 15
VisualStudioVersion = 15.0.28307.271
MinimumVisualStudioVersion = 10.0.40219.1
Project("{888888A0-9F3D-457C-B088-3A5042F75D52}") = "NextMeeting", "NextMeeting\NextMeeting.pyproj", "{3E5575A1-2F8A-49F4-95A6-CAEA3D834A10}"
EndProject
Global
	GlobalSection(SolutionConfigurationPlatforms) = preSolution
		Debug|Any CPU = Debug|Any CPU
		Release|Any CPU = Release|Any CPU
	EndGlobalSection
	GlobalSection(ProjectConfigurationPlatforms) = postSolution
		{3E5575A1-2F8A-49F4-95A6-CAEA3D834A10}.Debug|Any CPU.ActiveCfg = Debug|Any CPU
		{3E5575A1-2F8A-49F4-95A6-CAEA3D834A10}.Release|Any CPU.ActiveCfg = Release|Any CPU
	EndGlobalSection
	GlobalSection(SolutionProperties) = preSolution
		HideSolutionNode = FALSE
	EndGlobalSection
	GlobalSection(ExtensibilityGlobals) = postSolution
		SolutionGuid = {D225B5AB-872C-4412-91C6-A0C5C8E55682}
	EndGlobalSection
EndGlobal
