
Microsoft Visual Studio Solution File, Format Version 12.00
# Visual Studio 15
VisualStudioVersion = 15.0.28307.271
MinimumVisualStudioVersion = 10.0.40219.1
Project("{888888A0-9F3D-457C-B088-3A5042F75D52}") = "Distance", "Distance\Distance.pyproj", "{4E4DC1B3-F9EC-44B2-A9B0-86559E4FB48A}"
EndProject
Global
	GlobalSection(SolutionConfigurationPlatforms) = preSolution
		Debug|Any CPU = Debug|Any CPU
		Release|Any CPU = Release|Any CPU
	EndGlobalSection
	GlobalSection(ProjectConfigurationPlatforms) = postSolution
		{4E4DC1B3-F9EC-44B2-A9B0-86559E4FB48A}.Debug|Any CPU.ActiveCfg = Debug|Any CPU
		{4E4DC1B3-F9EC-44B2-A9B0-86559E4FB48A}.Release|Any CPU.ActiveCfg = Release|Any CPU
	EndGlobalSection
	GlobalSection(SolutionProperties) = preSolution
		HideSolutionNode = FALSE
	EndGlobalSection
	GlobalSection(ExtensibilityGlobals) = postSolution
		SolutionGuid = {41D3C15D-64CC-4CC7-A65E-D7C3D11AC9D8}
	EndGlobalSection
EndGlobal
