
Microsoft Visual Studio Solution File, Format Version 12.00
# Visual Studio 15
VisualStudioVersion = 15.0.28307.329
MinimumVisualStudioVersion = 10.0.40219.1
Project("{888888A0-9F3D-457C-B088-3A5042F75D52}") = "ArrayMethods", "ArrayMethods\ArrayMethods.pyproj", "{079F69D1-B83E-447A-8968-019701D9A2B7}"
EndProject
Global
	GlobalSection(SolutionConfigurationPlatforms) = preSolution
		Debug|Any CPU = Debug|Any CPU
		Release|Any CPU = Release|Any CPU
	EndGlobalSection
	GlobalSection(ProjectConfigurationPlatforms) = postSolution
		{079F69D1-B83E-447A-8968-019701D9A2B7}.Debug|Any CPU.ActiveCfg = Debug|Any CPU
		{079F69D1-B83E-447A-8968-019701D9A2B7}.Release|Any CPU.ActiveCfg = Release|Any CPU
	EndGlobalSection
	GlobalSection(SolutionProperties) = preSolution
		HideSolutionNode = FALSE
	EndGlobalSection
	GlobalSection(ExtensibilityGlobals) = postSolution
		SolutionGuid = {AD1582BF-14A9-4361-9563-D58883E5197F}
	EndGlobalSection
EndGlobal
