
Microsoft Visual Studio Solution File, Format Version 12.00
# Visual Studio 15
VisualStudioVersion = 15.0.28307.329
MinimumVisualStudioVersion = 10.0.40219.1
Project("{888888A0-9F3D-457C-B088-3A5042F75D52}") = "SumDigits", "SumDigits\SumDigits.pyproj", "{86BB954B-A012-4628-80B5-FE04DF791AC9}"
EndProject
Global
	GlobalSection(SolutionConfigurationPlatforms) = preSolution
		Debug|Any CPU = Debug|Any CPU
		Release|Any CPU = Release|Any CPU
	EndGlobalSection
	GlobalSection(ProjectConfigurationPlatforms) = postSolution
		{86BB954B-A012-4628-80B5-FE04DF791AC9}.Debug|Any CPU.ActiveCfg = Debug|Any CPU
		{86BB954B-A012-4628-80B5-FE04DF791AC9}.Release|Any CPU.ActiveCfg = Release|Any CPU
	EndGlobalSection
	GlobalSection(SolutionProperties) = preSolution
		HideSolutionNode = FALSE
	EndGlobalSection
	GlobalSection(ExtensibilityGlobals) = postSolution
		SolutionGuid = {79D878D6-D7ED-4DAE-ACA3-D6817FD4BDD6}
	EndGlobalSection
EndGlobal
