
Microsoft Visual Studio Solution File, Format Version 12.00
# Visual Studio 15
VisualStudioVersion = 15.0.28307.271
MinimumVisualStudioVersion = 10.0.40219.1
Project("{888888A0-9F3D-457C-B088-3A5042F75D52}") = "DrivingCost", "DrivingCost\DrivingCost.pyproj", "{7DDB8381-D05D-4467-8485-A8A797E36589}"
EndProject
Global
	GlobalSection(SolutionConfigurationPlatforms) = preSolution
		Debug|Any CPU = Debug|Any CPU
		Release|Any CPU = Release|Any CPU
	EndGlobalSection
	GlobalSection(ProjectConfigurationPlatforms) = postSolution
		{7DDB8381-D05D-4467-8485-A8A797E36589}.Debug|Any CPU.ActiveCfg = Debug|Any CPU
		{7DDB8381-D05D-4467-8485-A8A797E36589}.Release|Any CPU.ActiveCfg = Release|Any CPU
	EndGlobalSection
	GlobalSection(SolutionProperties) = preSolution
		HideSolutionNode = FALSE
	EndGlobalSection
	GlobalSection(ExtensibilityGlobals) = postSolution
		SolutionGuid = {7235DB4C-75E8-4B1D-98A8-832920DE693A}
	EndGlobalSection
EndGlobal
